
Microsoft Visual Studio Solution File, Format Version 12.00
# Visual Studio Version 16
VisualStudioVersion = 16.0.29709.97
MinimumVisualStudioVersion = 10.0.40219.1
Project("{FAE04EC0-301F-11D3-BF4B-00C04F79EFBC}") = "PracticeAssignment", "PracticeAssignment.csproj", "{59B79341-F3AB-4348-AA54-83785D7C748B}"
EndProject
Global
	GlobalSection(SolutionConfigurationPlatforms) = preSolution
		Debug|Any CPU = Debug|Any CPU
		Release|Any CPU = Release|Any CPU
	EndGlobalSection
	GlobalSection(ProjectConfigurationPlatforms) = postSolution
		{59B79341-F3AB-4348-AA54-83785D7C748B}.Debug|Any CPU.ActiveCfg = Debug|Any CPU
		{59B79341-F3AB-4348-AA54-83785D7C748B}.Debug|Any CPU.Build.0 = Debug|Any CPU
		{59B79341-F3AB-4348-AA54-83785D7C748B}.Release|Any CPU.ActiveCfg = Release|Any CPU
		{59B79341-F3AB-4348-AA54-83785D7C748B}.Release|Any CPU.Build.0 = Release|Any CPU
	EndGlobalSection
	GlobalSection(SolutionProperties) = preSolution
		HideSolutionNode = FALSE
	EndGlobalSection
	GlobalSection(ExtensibilityGlobals) = postSolution
		SolutionGuid = {84FD224F-C9DC-4534-A91B-AB16F8BC74B7}
	EndGlobalSection
EndGlobal
